
Microsoft Visual Studio Solution File, Format Version 12.00
# Visual Studio Version 17
VisualStudioVersion = 17.1.32328.378
MinimumVisualStudioVersion = 10.0.40219.1
Project("{FAE04EC0-301F-11D3-BF4B-00C04F79EFBC}") = "ProyectoAula", "ProyectoAula\ProyectoAula.csproj", "{CE22A729-084D-4F82-AF96-AB848200DE96}"
EndProject
Global
	GlobalSection(SolutionConfigurationPlatforms) = preSolution
		Debug|Any CPU = Debug|Any CPU
		Release|Any CPU = Release|Any CPU
	EndGlobalSection
	GlobalSection(ProjectConfigurationPlatforms) = postSolution
		{CE22A729-084D-4F82-AF96-AB848200DE96}.Debug|Any CPU.ActiveCfg = Debug|Any CPU
		{CE22A729-084D-4F82-AF96-AB848200DE96}.Debug|Any CPU.Build.0 = Debug|Any CPU
		{CE22A729-084D-4F82-AF96-AB848200DE96}.Release|Any CPU.ActiveCfg = Release|Any CPU
		{CE22A729-084D-4F82-AF96-AB848200DE96}.Release|Any CPU.Build.0 = Release|Any CPU
	EndGlobalSection
	GlobalSection(SolutionProperties) = preSolution
		HideSolutionNode = FALSE
	EndGlobalSection
	GlobalSection(ExtensibilityGlobals) = postSolution
		SolutionGuid = {C0A4E913-8BBE-4040-8117-2922D9817818}
	EndGlobalSection
EndGlobal
